github.com/travisjeffery/proglog v0.0.0-20241012022236-ed8f516b128e h1:cx7XovL48p88jntONwrwtIAx9mZDiOiAcpqRi+Hd9aA=
github.com/travisjeffery/proglog v0.0.0-20241012022236-ed8f516b128e/go.mod h1:ayNJHUj8W0UMcSaYgoimtzY9+tN0SxDhAZBAyeITgoQ=
github.com/tysonmote/gommap v0.0.3 h1:/TgH30oyoBKMHQu+RsbDVjgHxA6R/aARv055Z36Li88=
github.com/tysonmote/gommap v0.0.3/go.mod h1:XsS5iBGqoNFLB6QPtF8ZKx7SHFi3Gx+QgzExGyXJ9MA=
